
Microsoft Visual Studio Solution File, Format Version 12.00
# Visual Studio Version 17
VisualStudioVersion = 17.14.36401.2 d17.14
MinimumVisualStudioVersion = 10.0.40219.1
Project("{FAE04EC0-301F-11D3-BF4B-00C04F79EFBC}") = "Evende", "Evende.csproj", "{B15071F0-A3F3-49FC-B9F0-3A6D10CCC82A}"
EndProject
Global
	GlobalSection(SolutionConfigurationPlatforms) = preSolution
		Debug|Any CPU = Debug|Any CPU
		Release|Any CPU = Release|Any CPU
	EndGlobalSection
	GlobalSection(ProjectConfigurationPlatforms) = postSolution
		{B15071F0-A3F3-49FC-B9F0-3A6D10CCC82A}.Debug|Any CPU.ActiveCfg = Debug|Any CPU
		{B15071F0-A3F3-49FC-B9F0-3A6D10CCC82A}.Debug|Any CPU.Build.0 = Debug|Any CPU
		{B15071F0-A3F3-49FC-B9F0-3A6D10CCC82A}.Release|Any CPU.ActiveCfg = Release|Any CPU
		{B15071F0-A3F3-49FC-B9F0-3A6D10CCC82A}.Release|Any CPU.Build.0 = Release|Any CPU
	EndGlobalSection
	GlobalSection(SolutionProperties) = preSolution
		HideSolutionNode = FALSE
	EndGlobalSection
	GlobalSection(ExtensibilityGlobals) = postSolution
		SolutionGuid = {DAB04391-037D-48EF-ABCA-5272E9A5D3CC}
	EndGlobalSection
EndGlobal
